// !$*UTF8*$!
{
	archiveVersion = 1;
	classes = {
	};
	objectVersion = 46;
	objects = {

/* Begin PBXBuildFile section */
		55C473991A027D71005DA0C0 /* AppDelegate.swift in Sources */ = {isa = PBXBuildFile; fileRef = 55C473981A027D71005DA0C0 /* AppDelegate.swift */; };
		55C4739B1A027D71005DA0C0 /* ViewController.swift in Sources */ = {isa = PBXBuildFile; fileRef = 55C4739A1A027D71005DA0C0 /* ViewController.swift */; };
		55C4739E1A027D71005DA0C0 /* Main.storyboard in Resources */ = {isa = PBXBuildFile; fileRef = 55C4739C1A027D71005DA0C0 /* Main.storyboard */; };
		55C473A01A027D71005DA0C0 /* Images.xcassets in Resources */ = {isa = PBXBuildFile; fileRef = 55C4739F1A027D71005DA0C0 /* Images.xcassets */; };
		55C473A31A027D71005DA0C0 /* LaunchScreen.xib in Resources */ = {isa = PBXBuildFile; fileRef = 55C473A11A027D71005DA0C0 /* LaunchScreen.xib */; };
		55C473AF1A027D71005DA0C0 /* PostcardTests.swift in Sources */ = {isa = PBXBuildFile; fileRef = 55C473AE1A027D71005DA0C0 /* PostcardTests.swift */; };
/* End PBXBuildFile section */

/* Begin PBXContainerItemProxy section */
		55C473A91A027D71005DA0C0 /* PBXContainerItemProxy */ = {
			isa = PBXContainerItemProxy;
			containerPortal = 55C4738B1A027D71005DA0C0 /* Project object */;
			proxyType = 1;
			remoteGlobalIDString = 55C473921A027D71005DA0C0;
			remoteInfo = Postcard;
		};
/* End PBXContainerItemProxy section */

/* Begin PBXFileReference section */
		55C473931A027D71005DA0C0 /* Postcard.app */ = {isa = PBXFileReference; explicitFileType = wrapper.application; includeInIndex = 0; path = Postcard.app; sourceTree = BUILT_PRODUCTS_DIR; };
		55C473971A027D71005DA0C0 /* Info.plist */ = {isa = PBXFileReference; lastKnownFileType = text.plist.xml; path = Info.plist; sourceTree = "<group>"; };
		55C473981A027D71005DA0C0 /* AppDelegate.swift */ = {isa = PBXFileReference; lastKnownFileType = sourcecode.swift; path = AppDelegate.swift; sourceTree = "<group>"; };
		55C4739A1A027D71005DA0C0 /* ViewController.swift */ = {isa = PBXFileReference; lastKnownFileType = sourcecode.swift; path = ViewController.swift; sourceTree = "<group>"; };
		55C4739D1A027D71005DA0C0 /* Base */ = {isa = PBXFileReference; lastKnownFileType = file.storyboard; name = Base; path = Base.lproj/Main.storyboard; sourceTree = "<group>"; };
		55C4739F1A027D71005DA0C0 /* Images.xcassets */ = {isa = PBXFileReference; lastKnownFileType = folder.assetcatalog; path = Images.xcassets; sourceTree = "<group>"; };
		55C473A21A027D71005DA0C0 /* Base */ = {isa = PBXFileReference; lastKnownFileType = file.xib; name = Base; path = Base.lproj/LaunchScreen.xib; sourceTree = "<group>"; };
		55C473A81A027D71005DA0C0 /* PostcardTests.xctest */ = {isa = PBXFileReference; explicitFileType = wrapper.cfbundle; includeInIndex = 0; path = PostcardTests.xctest; sourceTree = BUILT_PRODUCTS_DIR; };
		55C473AD1A027D71005DA0C0 /* Info.plist */ = {isa = PBXFileReference; lastKnownFileType = text.plist.xml; path = Info.plist; sourceTree = "<group>"; };
		55C473AE1A027D71005DA0C0 /* PostcardTests.swift */ = {isa = PBXFileReference; lastKnownFileType = sourcecode.swift; path = PostcardTests.swift; sourceTree = "<group>"; };
/* End PBXFileReference section */

/* Begin PBXFrameworksBuildPhase section */
		55C473901A027D71005DA0C0 /* Frameworks */ = {
			isa = PBXFrameworksBuildPhase;
			buildActionMask = 2147483647;
			files = (
			);
			runOnlyForDeploymentPostprocessing = 0;
		};
		55C473A51A027D71005DA0C0 /* Frameworks */ = {
			isa = PBXFrameworksBuildPhase;
			buildActionMask = 2147483647;
			files = (
			);
			runOnlyForDeploymentPostprocessing = 0;
		};
/* End PBXFrameworksBuildPhase section */

/* Begin PBXGroup section */
		55C4738A1A027D71005DA0C0 = {
			isa = PBXGroup;
			children = (
				55C473951A027D71005DA0C0 /* Postcard */,
				55C473AB1A027D71005DA0C0 /* PostcardTests */,
				55C473941A027D71005DA0C0 /* Products */,
			);
			sourceTree = "<group>";
		};
		55C473941A027D71005DA0C0 /* Products */ = {
			isa = PBXGroup;
			children = (
				55C473931A027D71005DA0C0 /* Postcard.app */,
				55C473A81A027D71005DA0C0 /* PostcardTests.xctest */,
			);
			name = Products;
			sourceTree = "<group>";
		};
		55C473951A027D71005DA0C0 /* Postcard */ = {
			isa = PBXGroup;
			children = (
				55C473981A027D71005DA0C0 /* AppDelegate.swift */,
				55C4739A1A027D71005DA0C0 /* ViewController.swift */,
				55C4739C1A027D71005DA0C0 /* Main.storyboard */,
				55C4739F1A027D71005DA0C0 /* Images.xcassets */,
				55C473A11A027D71005DA0C0 /* LaunchScreen.xib */,
				55C473961A027D71005DA0C0 /* Supporting Files */,
			);
			path = Postcard;
			sourceTree = "<group>";
		};
		55C473961A027D71005DA0C0 /* Supporting Files */ = {
			isa = PBXGroup;
			children = (
				55C473971A027D71005DA0C0 /* Info.plist */,
			);
			name = "Supporting Files";
			sourceTree = "<group>";
		};
		55C473AB1A027D71005DA0C0 /* PostcardTests */ = {
			isa = PBXGroup;
			children = (
				55C473AE1A027D71005DA0C0 /* PostcardTests.swift */,
				55C473AC1A027D71005DA0C0 /* Supporting Files */,
			);
			path = PostcardTests;
			sourceTree = "<group>";
		};
		55C473AC1A027D71005DA0C0 /* Supporting Files */ = {
			isa = PBXGroup;
			children = (
				55C473AD1A027D71005DA0C0 /* Info.plist */,
			);
			name = "Supporting Files";
			sourceTree = "<group>";
		};
/* End PBXGroup section */

/* Begin PBXNativeTarget section */
		55C473921A027D71005DA0C0 /* Postcard */ = {
			isa = PBXNativeTarget;
			buildConfigurationList = 55C473B21A027D71005DA0C0 /* Build configuration list for PBXNativeTarget "Postcard" */;
			buildPhases = (
				55C4738F1A027D71005DA0C0 /* Sources */,
				55C473901A027D71005DA0C0 /* Frameworks */,
				55C473911A027D71005DA0C0 /* Resources */,
			);
			buildRules = (
			);
			dependencies = (
			);
			name = Postcard;
			productName = Postcard;
			productReference = 55C473931A027D71005DA0C0 /* Postcard.app */;
			productType = "com.apple.product-type.application";
		};
		55C473A71A027D71005DA0C0 /* PostcardTests */ = {
			isa = PBXNativeTarget;
			buildConfigurationList = 55C473B51A027D71005DA0C0 /* Build configuration list for PBXNativeTarget "PostcardTests" */;
			buildPhases = (
				55C473A41A027D71005DA0C0 /* Sources */,
				55C473A51A027D71005DA0C0 /* Frameworks */,
				55C473A61A027D71005DA0C0 /* Resources */,
			);
			buildRules = (
			);
			dependencies = (
				55C473AA1A027D71005DA0C0 /* PBXTargetDependency */,
			);
			name = PostcardTests;
			productName = PostcardTests;
			productReference = 55C473A81A027D71005DA0C0 /* PostcardTests.xctest */;
			productType = "com.apple.product-type.bundle.unit-test";
		};
/* End PBXNativeTarget section */

/* Begin PBXProject section */
		55C4738B1A027D71005DA0C0 /* Project object */ = {
			isa = PBXProject;
			attributes = {
				LastUpgradeCheck = 0610;
				ORGANIZATIONNAME = "段然";
				TargetAttributes = {
					55C473921A027D71005DA0C0 = {
						CreatedOnToolsVersion = 6.1;
					};
					55C473A71A027D71005DA0C0 = {
						CreatedOnToolsVersion = 6.1;
						TestTargetID = 55C473921A027D71005DA0C0;
					};
				};
			};
			buildConfigurationList = 55C4738E1A027D71005DA0C0 /* Build configuration list for PBXProject "Postcard" */;
			compatibilityVersion = "Xcode 3.2";
			developmentRegion = English;
			hasScannedForEncodings = 0;
			knownRegions = (
				en,
				Base,
			);
			mainGroup = 55C4738A1A027D71005DA0C0;
			productRefGroup = 55C473941A027D71005DA0C0 /* Products */;
			projectDirPath = "";
			projectRoot = "";
			targets = (
				55C473921A027D71005DA0C0 /* Postcard */,
				55C473A71A027D71005DA0C0 /* PostcardTests */,
			);
		};
/* End PBXProject section */

/* Begin PBXResourcesBuildPhase section */
		55C473911A027D71005DA0C0 /* Resources */ = {
			isa = PBXResourcesBuildPhase;
			buildActionMask = 2147483647;
			files = (
				55C4739E1A027D71005DA0C0 /* Main.storyboard in Resources */,
				55C473A31A027D71005DA0C0 /* LaunchScreen.xib in Resources */,
				55C473A01A027D71005DA0C0 /* Images.xcassets in Resources */,
			);
			runOnlyForDeploymentPostprocessing = 0;
		};
		55C473A61A027D71005DA0C0 /* Resources */ = {
			isa = PBXResourcesBuildPhase;
			buildActionMask = 2147483647;
			files = (
			);
			runOnlyForDeploymentPostprocessing = 0;
		};
/* End PBXResourcesBuildPhase section */

/* Begin PBXSourcesBuildPhase section */
		55C4738F1A027D71005DA0C0 /* Sources */ = {
			isa = PBXSourcesBuildPhase;
			buildActionMask = 2147483647;
			files = (
				55C4739B1A027D71005DA0C0 /* ViewController.swift in Sources */,
				55C473991A027D71005DA0C0 /* AppDelegate.swift in Sources */,
			);
			runOnlyForDeploymentPostprocessing = 0;
		};
		55C473A41A027D71005DA0C0 /* Sources */ = {
			isa = PBXSourcesBuildPhase;
			buildActionMask = 2147483647;
			files = (
				55C473AF1A027D71005DA0C0 /* PostcardTests.swift in Sources */,
			);
			runOnlyForDeploymentPostprocessing = 0;
		};
/* End PBXSourcesBuildPhase section */

/* Begin PBXTargetDependency section */
		55C473AA1A027D71005DA0C0 /* PBXTargetDependency */ = {
			isa = PBXTargetDependency;
			target = 55C473921A027D71005DA0C0 /* Postcard */;
			targetProxy = 55C473A91A027D71005DA0C0 /* PBXContainerItemProxy */;
		};
/* End PBXTargetDependency section */

/* Begin PBXVariantGroup section */
		55C4739C1A027D71005DA0C0 /* Main.storyboard */ = {
			isa = PBXVariantGroup;
			children = (
				55C4739D1A027D71005DA0C0 /* Base */,
			);
			name = Main.storyboard;
			sourceTree = "<group>";
		};
		55C473A11A027D71005DA0C0 /* LaunchScreen.xib */ = {
			isa = PBXVariantGroup;
			children = (
				55C473A21A027D71005DA0C0 /* Base */,
			);
			name = LaunchScreen.xib;
			sourceTree = "<group>";
		};
/* End PBXVariantGroup section */

/* Begin XCBuildConfiguration section */
		55C473B01A027D71005DA0C0 /* Debug */ = {
			isa = XCBuildConfiguration;
			buildSettings = {
				ALWAYS_SEARCH_USER_PATHS = NO;
				CLANG_CXX_LANGUAGE_STANDARD = "gnu++0x";
				CLANG_CXX_LIBRARY = "libc++";
				CLANG_ENABLE_MODULES = YES;
				CLANG_ENABLE_OBJC_ARC = YES;
				CLANG_WARN_BOOL_CONVERSION = YES;
				CLANG_WARN_CONSTANT_CONVERSION = YES;
				CLANG_WARN_DIRECT_OBJC_ISA_USAGE = YES_ERROR;
				CLANG_WARN_EMPTY_BODY = YES;
				CLANG_WARN_ENUM_CONVERSION = YES;
				CLANG_WARN_INT_CONVERSION = YES;
				CLANG_WARN_OBJC_ROOT_CLASS = YES_ERROR;
				CLANG_WARN_UNREACHABLE_CODE = YES;
				CLANG_WARN__DUPLICATE_METHOD_MATCH = YES;
				"CODE_SIGN_IDENTITY[sdk=iphoneos*]" = "iPhone Developer";
				COPY_PHASE_STRIP = NO;
				ENABLE_STRICT_OBJC_MSGSEND = YES;
				GCC_C_LANGUAGE_STANDARD = gnu99;
				GCC_DYNAMIC_NO_PIC = NO;
				GCC_OPTIMIZATION_LEVEL = 0;
				GCC_PREPROCESSOR_DEFINITIONS = (
					"DEBUG=1",
					"$(inherited)",
				);
				GCC_SYMBOLS_PRIVATE_EXTERN = NO;
				GCC_WARN_64_TO_32_BIT_CONVERSION = YES;
				GCC_WARN_ABOUT_RETURN_TYPE = YES_ERROR;
				GCC_WARN_UNDECLARED_SELECTOR = YES;
				GCC_WARN_UNINITIALIZED_AUTOS = YES_AGGRESSIVE;
				GCC_WARN_UNUSED_FUNCTION = YES;
				GCC_WARN_UNUSED_VARIABLE = YES;
				IPHONEOS_DEPLOYMENT_TARGET = 8.1;
				MTL_ENABLE_DEBUG_INFO = YES;
				ONLY_ACTIVE_ARCH = YES;
				SDKROOT = iphoneos;
				SWIFT_OPTIMIZATION_LEVEL = "-Onone";
				TARGETED_DEVICE_FAMILY = "1,2";
			};
			name = Debug;
		};
		55C473B11A027D71005DA0C0 /* Release */ = {
			isa = XCBuildConfiguration;
			buildSettings = {
				ALWAYS_SEARCH_USER_PATHS = NO;
				CLANG_CXX_LANGUAGE_STANDARD = "gnu++0x";
				CLANG_CXX_LIBRARY = "libc++";
				CLANG_ENABLE_MODULES = YES;
				CLANG_ENABLE_OBJC_ARC = YES;
				CLANG_WARN_BOOL_CONVERSION = YES;
				CLANG_WARN_CONSTANT_CONVERSION = YES;
				CLANG_WARN_DIRECT_OBJC_ISA_USAGE = YES_ERROR;
				CLANG_WARN_EMPTY_BODY = YES;
				CLANG_WARN_ENUM_CONVERSION = YES;
				CLANG_WARN_INT_CONVERSION = YES;
				CLANG_WARN_OBJC_ROOT_CLASS = YES_ERROR;
				CLANG_WARN_UNREACHABLE_CODE = YES;
				CLANG_WARN__DUPLICATE_METHOD_MATCH = YES;
				"CODE_SIGN_IDENTITY[sdk=iphoneos*]" = "iPhone Developer";
				COPY_PHASE_STRIP = YES;
				ENABLE_NS_ASSERTIONS = NO;
				ENABLE_STRICT_OBJC_MSGSEND = YES;
				GCC_C_LANGUAGE_STANDARD = gnu99;
				GCC_WARN_64_TO_32_BIT_CONVERSION = YES;
				GCC_WARN_ABOUT_RETURN_TYPE = YES_ERROR;
				GCC_WARN_UNDECLARED_SELECTOR = YES;
				GCC_WARN_UNINITIALIZED_AUTOS = YES_AGGRESSIVE;
				GCC_WARN_UNUSED_FUNCTION = YES;
				GCC_WARN_UNUSED_VARIABLE = YES;
				IPHONEOS_DEPLOYMENT_TARGET = 8.1;
				MTL_ENABLE_DEBUG_INFO = NO;
				SDKROOT = iphoneos;
				TARGETED_DEVICE_FAMILY = "1,2";
				VALIDATE_PRODUCT = YES;
			};
			name = Release;
		};
		55C473B31A027D71005DA0C0 /* Debug */ = {
			isa = XCBuildConfiguration;
			buildSettings = {
				ASSETCATALOG_COMPILER_APPICON_NAME = AppIcon;
				INFOPLIST_FILE = Postcard/Info.plist;
				LD_RUNPATH_SEARCH_PATHS = "$(inherited) @executable_path/Frameworks";
				PRODUCT_NAME = "$(TARGET_NAME)";
			};
			name = Debug;
		};
		55C473B41A027D71005DA0C0 /* Release */ = {
			isa = XCBuildConfiguration;
			buildSettings = {
				ASSETCATALOG_COMPILER_APPICON_NAME = AppIcon;
				INFOPLIST_FILE = Postcard/Info.plist;
				LD_RUNPATH_SEARCH_PATHS = "$(inherited) @executable_path/Frameworks";
				PRODUCT_NAME = "$(TARGET_NAME)";
			};
			name = Release;
		};
		55C473B61A027D71005DA0C0 /* Debug */ = {
			isa = XCBuildConfiguration;
			buildSettings = {
				BUNDLE_LOADER = "$(TEST_HOST)";
				FRAMEWORK_SEARCH_PATHS = (
					"$(SDKROOT)/Developer/Library/Frameworks",
					"$(inherited)",
				);
				GCC_PREPROCESSOR_DEFINITIONS = (
					"DEBUG=1",
					"$(inherited)",
				);
				INFOPLIST_FILE = PostcardTests/Info.plist;
				LD_RUNPATH_SEARCH_PATHS = "$(inherited) @executable_path/Frameworks @loader_path/Frameworks";
				PRODUCT_NAME = "$(TARGET_NAME)";
				TEST_HOST = "$(BUILT_PRODUCTS_DIR)/Postcard.app/Postcard";
			};
			name = Debug;
		};
		55C473B71A027D71005DA0C0 /* Release */ = {
			isa = XCBuildConfiguration;
			buildSettings = {
				BUNDLE_LOADER = "$(TEST_HOST)";
				FRAMEWORK_SEARCH_PATHS = (
					"$(SDKROOT)/Developer/Library/Frameworks",
					"$(inherited)",
				);
				INFOPLIST_FILE = PostcardTests/Info.plist;
				LD_RUNPATH_SEARCH_PATHS = "$(inherited) @executable_path/Frameworks @loader_path/Frameworks";
				PRODUCT_NAME = "$(TARGET_NAME)";
				TEST_HOST = "$(BUILT_PRODUCTS_DIR)/Postcard.app/Postcard";
			};
			name = Release;
		};
/* End XCBuildConfiguration section */

/* Begin XCConfigurationList section */
		55C4738E1A027D71005DA0C0 /* Build configuration list for PBXProject "Postcard" */ = {
			isa = XCConfigurationList;
			buildConfigurations = (
				55C473B01A027D71005DA0C0 /* Debug */,
				55C473B11A027D71005DA0C0 /* Release */,
			);
			defaultConfigurationIsVisible = 0;
			defaultConfigurationName = Release;
		};
		55C473B21A027D71005DA0C0 /* Build configuration list for PBXNativeTarget "Postcard" */ = {
			isa = XCConfigurationList;
			buildConfigurations = (
				55C473B31A027D71005DA0C0 /* Debug */,
				55C473B41A027D71005DA0C0 /* Release */,
			);
			defaultConfigurationIsVisible = 0;
		};
		55C473B51A027D71005DA0C0 /* Build configuration list for PBXNativeTarget "PostcardTests" */ = {
			isa = XCConfigurationList;
			buildConfigurations = (
				55C473B61A027D71005DA0C0 /* Debug */,
				55C473B71A027D71005DA0C0 /* Release */,
			);
			defaultConfigurationIsVisible = 0;
		};
/* End XCConfigurationList section */
	};
	rootObject = 55C4738B1A027D71005DA0C0 /* Project object */;
}
